
Microsoft Visual Studio Solution File, Format Version 12.00
# Visual Studio Version 16
VisualStudioVersion = 16.0.31613.86
MinimumVisualStudioVersion = 10.0.40219.1
Project("{FAE04EC0-301F-11D3-BF4B-00C04F79EFBC}") = "Expendedoras.Interfaz", "Expendedora.Interfaz\Expendedoras.Interfaz.csproj", "{ECCA002D-AD74-4D2C-800D-165AD5DCF27F}"
EndProject
Project("{FAE04EC0-301F-11D3-BF4B-00C04F79EFBC}") = "LibreriaDeClases", "LibreriaDeClases\LibreriaDeClases.csproj", "{483B49B1-4FDC-4474-B545-8D6F53FD96F9}"
EndProject
Global
	GlobalSection(SolutionConfigurationPlatforms) = preSolution
		Debug|Any CPU = Debug|Any CPU
		Release|Any CPU = Release|Any CPU
	EndGlobalSection
	GlobalSection(ProjectConfigurationPlatforms) = postSolution
		{ECCA002D-AD74-4D2C-800D-165AD5DCF27F}.Debug|Any CPU.ActiveCfg = Debug|Any CPU
		{ECCA002D-AD74-4D2C-800D-165AD5DCF27F}.Debug|Any CPU.Build.0 = Debug|Any CPU
		{ECCA002D-AD74-4D2C-800D-165AD5DCF27F}.Release|Any CPU.ActiveCfg = Release|Any CPU
		{ECCA002D-AD74-4D2C-800D-165AD5DCF27F}.Release|Any CPU.Build.0 = Release|Any CPU
		{483B49B1-4FDC-4474-B545-8D6F53FD96F9}.Debug|Any CPU.ActiveCfg = Debug|Any CPU
		{483B49B1-4FDC-4474-B545-8D6F53FD96F9}.Debug|Any CPU.Build.0 = Debug|Any CPU
		{483B49B1-4FDC-4474-B545-8D6F53FD96F9}.Release|Any CPU.ActiveCfg = Release|Any CPU
		{483B49B1-4FDC-4474-B545-8D6F53FD96F9}.Release|Any CPU.Build.0 = Release|Any CPU
	EndGlobalSection
	GlobalSection(SolutionProperties) = preSolution
		HideSolutionNode = FALSE
	EndGlobalSection
	GlobalSection(ExtensibilityGlobals) = postSolution
		SolutionGuid = {159458DA-361A-497C-BDB1-907A79BA12B4}
	EndGlobalSection
EndGlobal
